
Microsoft Visual Studio Solution File, Format Version 12.00
Project("{2150E333-8FDC-42A3-9474-1A3956D46DE8}") = "Src", "Src", "{72D76C7B-B313-4182-90AB-7248BB115834}"
EndProject
Project("{FAE04EC0-301F-11D3-BF4B-00C04F79EFBC}") = "Application", "Src\Application\Application.csproj", "{20A7746B-9D2D-4A2E-A760-2CCC367ADD96}"
EndProject
Project("{FAE04EC0-301F-11D3-BF4B-00C04F79EFBC}") = "Domain", "Src\Domain\Domain.csproj", "{BB1D73B2-17DB-4F43-BAE6-B80E6C5CAB55}"
EndProject
Project("{FAE04EC0-301F-11D3-BF4B-00C04F79EFBC}") = "Infra", "Src\Infra\Infra.csproj", "{A472A241-1894-4AA5-B400-30BAE7CDDACF}"
EndProject
Project("{FAE04EC0-301F-11D3-BF4B-00C04F79EFBC}") = "WebUI", "Src\WebUI\WebUI.csproj", "{6D9225DB-67FD-477E-8EB6-863618F92759}"
EndProject
Project("{FAE04EC0-301F-11D3-BF4B-00C04F79EFBC}") = "Persistence", "Src\Persistence\Persistence.csproj", "{F3AA7896-E0D4-4A7E-8745-747397FC280E}"
EndProject
Global
	GlobalSection(SolutionConfigurationPlatforms) = preSolution
		Debug|Any CPU = Debug|Any CPU
		Release|Any CPU = Release|Any CPU
	EndGlobalSection
	GlobalSection(NestedProjects) = preSolution
		{20A7746B-9D2D-4A2E-A760-2CCC367ADD96} = {72D76C7B-B313-4182-90AB-7248BB115834}
		{BB1D73B2-17DB-4F43-BAE6-B80E6C5CAB55} = {72D76C7B-B313-4182-90AB-7248BB115834}
		{A472A241-1894-4AA5-B400-30BAE7CDDACF} = {72D76C7B-B313-4182-90AB-7248BB115834}
		{6D9225DB-67FD-477E-8EB6-863618F92759} = {72D76C7B-B313-4182-90AB-7248BB115834}
		{F3AA7896-E0D4-4A7E-8745-747397FC280E} = {72D76C7B-B313-4182-90AB-7248BB115834}
	EndGlobalSection
	GlobalSection(ProjectConfigurationPlatforms) = postSolution
		{20A7746B-9D2D-4A2E-A760-2CCC367ADD96}.Debug|Any CPU.ActiveCfg = Debug|Any CPU
		{20A7746B-9D2D-4A2E-A760-2CCC367ADD96}.Debug|Any CPU.Build.0 = Debug|Any CPU
		{20A7746B-9D2D-4A2E-A760-2CCC367ADD96}.Release|Any CPU.ActiveCfg = Release|Any CPU
		{20A7746B-9D2D-4A2E-A760-2CCC367ADD96}.Release|Any CPU.Build.0 = Release|Any CPU
		{BB1D73B2-17DB-4F43-BAE6-B80E6C5CAB55}.Debug|Any CPU.ActiveCfg = Debug|Any CPU
		{BB1D73B2-17DB-4F43-BAE6-B80E6C5CAB55}.Debug|Any CPU.Build.0 = Debug|Any CPU
		{BB1D73B2-17DB-4F43-BAE6-B80E6C5CAB55}.Release|Any CPU.ActiveCfg = Release|Any CPU
		{BB1D73B2-17DB-4F43-BAE6-B80E6C5CAB55}.Release|Any CPU.Build.0 = Release|Any CPU
		{A472A241-1894-4AA5-B400-30BAE7CDDACF}.Debug|Any CPU.ActiveCfg = Debug|Any CPU
		{A472A241-1894-4AA5-B400-30BAE7CDDACF}.Debug|Any CPU.Build.0 = Debug|Any CPU
		{A472A241-1894-4AA5-B400-30BAE7CDDACF}.Release|Any CPU.ActiveCfg = Release|Any CPU
		{A472A241-1894-4AA5-B400-30BAE7CDDACF}.Release|Any CPU.Build.0 = Release|Any CPU
		{6D9225DB-67FD-477E-8EB6-863618F92759}.Debug|Any CPU.ActiveCfg = Debug|Any CPU
		{6D9225DB-67FD-477E-8EB6-863618F92759}.Debug|Any CPU.Build.0 = Debug|Any CPU
		{6D9225DB-67FD-477E-8EB6-863618F92759}.Release|Any CPU.ActiveCfg = Release|Any CPU
		{6D9225DB-67FD-477E-8EB6-863618F92759}.Release|Any CPU.Build.0 = Release|Any CPU
		{F3AA7896-E0D4-4A7E-8745-747397FC280E}.Debug|Any CPU.ActiveCfg = Debug|Any CPU
		{F3AA7896-E0D4-4A7E-8745-747397FC280E}.Debug|Any CPU.Build.0 = Debug|Any CPU
		{F3AA7896-E0D4-4A7E-8745-747397FC280E}.Release|Any CPU.ActiveCfg = Release|Any CPU
		{F3AA7896-E0D4-4A7E-8745-747397FC280E}.Release|Any CPU.Build.0 = Release|Any CPU
	EndGlobalSection
EndGlobal
